
Microsoft Visual Studio Solution File, Format Version 12.00
# Visual Studio Version 17
VisualStudioVersion = 17.14.36203.30 d17.14
MinimumVisualStudioVersion = 10.0.40219.1
Project("{FAE04EC0-301F-11D3-BF4B-00C04F79EFBC}") = "ArchiveEnterprise", "ArchiveEnterprise.csproj", "{817591DB-9B57-4070-A08E-82D5295C66BA}"
EndProject
Global
	GlobalSection(SolutionConfigurationPlatforms) = preSolution
		Debug|Any CPU = Debug|Any CPU
		Release|Any CPU = Release|Any CPU
	EndGlobalSection
	GlobalSection(ProjectConfigurationPlatforms) = postSolution
		{817591DB-9B57-4070-A08E-82D5295C66BA}.Debug|Any CPU.ActiveCfg = Debug|Any CPU
		{817591DB-9B57-4070-A08E-82D5295C66BA}.Debug|Any CPU.Build.0 = Debug|Any CPU
		{817591DB-9B57-4070-A08E-82D5295C66BA}.Release|Any CPU.ActiveCfg = Release|Any CPU
		{817591DB-9B57-4070-A08E-82D5295C66BA}.Release|Any CPU.Build.0 = Release|Any CPU
	EndGlobalSection
	GlobalSection(SolutionProperties) = preSolution
		HideSolutionNode = FALSE
	EndGlobalSection
	GlobalSection(ExtensibilityGlobals) = postSolution
		SolutionGuid = {3A030DD0-6515-40ED-AE65-86C56B8E57C4}
	EndGlobalSection
EndGlobal
